
Microsoft Visual Studio Solution File, Format Version 12.00
# Visual Studio 15
VisualStudioVersion = 15.0.26730.8
MinimumVisualStudioVersion = 10.0.40219.1
Project("{FAE04EC0-301F-11D3-BF4B-00C04F79EFBC}") = "BazarBizar", "BazarBizar\BazarBizar.csproj", "{E88AA520-F01E-402F-9EBC-E16FC29A20C1}"
EndProject
Project("{FAE04EC0-301F-11D3-BF4B-00C04F79EFBC}") = "BazarBizarTest", "BazarBizarTest\BazarBizarTest.csproj", "{99680DFD-70EC-4031-9B22-08A7C8C4489B}"
EndProject
Global
	GlobalSection(SolutionConfigurationPlatforms) = preSolution
		Debug|Any CPU = Debug|Any CPU
		Release|Any CPU = Release|Any CPU
	EndGlobalSection
	GlobalSection(ProjectConfigurationPlatforms) = postSolution
		{E88AA520-F01E-402F-9EBC-E16FC29A20C1}.Debug|Any CPU.ActiveCfg = Debug|Any CPU
		{E88AA520-F01E-402F-9EBC-E16FC29A20C1}.Debug|Any CPU.Build.0 = Debug|Any CPU
		{E88AA520-F01E-402F-9EBC-E16FC29A20C1}.Release|Any CPU.ActiveCfg = Release|Any CPU
		{E88AA520-F01E-402F-9EBC-E16FC29A20C1}.Release|Any CPU.Build.0 = Release|Any CPU
		{99680DFD-70EC-4031-9B22-08A7C8C4489B}.Debug|Any CPU.ActiveCfg = Debug|Any CPU
		{99680DFD-70EC-4031-9B22-08A7C8C4489B}.Debug|Any CPU.Build.0 = Debug|Any CPU
		{99680DFD-70EC-4031-9B22-08A7C8C4489B}.Release|Any CPU.ActiveCfg = Release|Any CPU
		{99680DFD-70EC-4031-9B22-08A7C8C4489B}.Release|Any CPU.Build.0 = Release|Any CPU
	EndGlobalSection
	GlobalSection(SolutionProperties) = preSolution
		HideSolutionNode = FALSE
	EndGlobalSection
	GlobalSection(ExtensibilityGlobals) = postSolution
		SolutionGuid = {462A159B-B36F-45E0-AD86-4C14E1C5E920}
	EndGlobalSection
EndGlobal
